
Microsoft Visual Studio Solution File, Format Version 12.00
# Visual Studio Version 17
VisualStudioVersion = 17.6.33712.159
MinimumVisualStudioVersion = 10.0.40219.1
Project("{FAE04EC0-301F-11D3-BF4B-00C04F79EFBC}") = "setupevent00", "setupevent00.csproj", "{FA82348C-D961-4E25-B5DC-9C4D9FA0B7DE}"
EndProject
Global
	GlobalSection(SolutionConfigurationPlatforms) = preSolution
		Debug|Any CPU = Debug|Any CPU
		Release|Any CPU = Release|Any CPU
	EndGlobalSection
	GlobalSection(ProjectConfigurationPlatforms) = postSolution
		{FA82348C-D961-4E25-B5DC-9C4D9FA0B7DE}.Debug|Any CPU.ActiveCfg = Debug|Any CPU
		{FA82348C-D961-4E25-B5DC-9C4D9FA0B7DE}.Debug|Any CPU.Build.0 = Debug|Any CPU
		{FA82348C-D961-4E25-B5DC-9C4D9FA0B7DE}.Release|Any CPU.ActiveCfg = Release|Any CPU
		{FA82348C-D961-4E25-B5DC-9C4D9FA0B7DE}.Release|Any CPU.Build.0 = Release|Any CPU
	EndGlobalSection
	GlobalSection(SolutionProperties) = preSolution
		HideSolutionNode = FALSE
	EndGlobalSection
	GlobalSection(ExtensibilityGlobals) = postSolution
		SolutionGuid = {FBB568AE-8A65-42D1-B8EF-AAAEFB5D47E2}
	EndGlobalSection
EndGlobal
